PODS:
  - Actions (3.0.1)
  - Alamofire (5.4.4)
  - FSPagerView (0.8.3)
  - ObjectMapper (4.2.0)
  - SDWebImage (5.12.0):
    - SDWebImage/Core (= 5.12.0)
  - SDWebImage/Core (5.12.0)
  - SkeletonView (1.4.2)

DEPENDENCIES:
  - Actions (= 3.0.1)
  - Alamofire (~> 5.4)
  - FSPagerView
  - ObjectMapper
  - SDWebImage (~> 5.0)
  - SkeletonView (= 1.4.2)

SPEC REPOS:
  https://github.com/CocoaPods/Specs.git:
    - Actions
    - Alamofire
    - FSPagerView
    - ObjectMapper
    - SDWebImage
    - SkeletonView

SPEC CHECKSUMS:
  Actions: 696288b71e88903a69ec8d04123df05ad16125dc
  Alamofire: f3b09a368f1582ab751b3fff5460276e0d2cf5c9
  FSPagerView: 670405b2f18e2a87fa37f20b00de783e562c25a8
  ObjectMapper: 1eb41f610210777375fa806bf161dc39fb832b81
  SDWebImage: 4ea20cca2986adc5aacde07aa686742fd4c67a37
  SkeletonView: c2523c3c8c6510e273e49a3bf364a434744c3914

PODFILE CHECKSUM: 42aa585a1fb47d0b3fa97842904c2658c7c4a101

COCOAPODS: 1.11.2
