// !$*UTF8*$!
{
	archiveVersion = 1;
	classes = {
	};
	objectVersion = 55;
	objects = {

/* Begin PBXBuildFile section */
		593139A3270BE62D00C5C88E /* AppDelegate.swift in Sources */ = {isa = PBXBuildFile; fileRef = 593139A2270BE62D00C5C88E /* AppDelegate.swift */; };
		593139A5270BE62D00C5C88E /* SceneDelegate.swift in Sources */ = {isa = PBXBuildFile; fileRef = 593139A4270BE62D00C5C88E /* SceneDelegate.swift */; };
		593139A7270BE62D00C5C88E /* ViewController.swift in Sources */ = {isa = PBXBuildFile; fileRef = 593139A6270BE62D00C5C88E /* ViewController.swift */; };
		593139AA270BE62D00C5C88E /* Main.storyboard in Resources */ = {isa = PBXBuildFile; fileRef = 593139A8270BE62D00C5C88E /* Main.storyboard */; };
		593139AC270BE62F00C5C88E /* Assets.xcassets in Resources */ = {isa = PBXBuildFile; fileRef = 593139AB270BE62F00C5C88E /* Assets.xcassets */; };
		593139AF270BE62F00C5C88E /* LaunchScreen.storyboard in Resources */ = {isa = PBXBuildFile; fileRef = 593139AD270BE62F00C5C88E /* LaunchScreen.storyboard */; };
		5940864A270D4FBD003C9F9A /* PopularAnimeEntitie.swift in Sources */ = {isa = PBXBuildFile; fileRef = 59408627270D4FBC003C9F9A /* PopularAnimeEntitie.swift */; };
		5940864B270D4FBD003C9F9A /* CellEntitie.swift in Sources */ = {isa = PBXBuildFile; fileRef = 59408628270D4FBC003C9F9A /* CellEntitie.swift */; };
		5940864C270D4FBD003C9F9A /* ResponsePopularAnimeEntitie.swift in Sources */ = {isa = PBXBuildFile; fileRef = 59408629270D4FBC003C9F9A /* ResponsePopularAnimeEntitie.swift */; };
		5940864D270D4FBD003C9F9A /* ItemsTabBar.swift in Sources */ = {isa = PBXBuildFile; fileRef = 5940862B270D4FBC003C9F9A /* ItemsTabBar.swift */; };
		5940864E270D4FBD003C9F9A /* HomePropertiesCell.swift in Sources */ = {isa = PBXBuildFile; fileRef = 5940862C270D4FBC003C9F9A /* HomePropertiesCell.swift */; };
		5940864F270D4FBD003C9F9A /* AnimeRepository.swift in Sources */ = {isa = PBXBuildFile; fileRef = 5940862F270D4FBD003C9F9A /* AnimeRepository.swift */; };
		59408650270D4FBD003C9F9A /* Network.swift in Sources */ = {isa = PBXBuildFile; fileRef = 59408631270D4FBD003C9F9A /* Network.swift */; };
		59408651270D4FBD003C9F9A /* Router.swift in Sources */ = {isa = PBXBuildFile; fileRef = 59408632270D4FBD003C9F9A /* Router.swift */; };
		59408652270D4FBD003C9F9A /* UIViewController+Extension.swift in Sources */ = {isa = PBXBuildFile; fileRef = 59408634270D4FBD003C9F9A /* UIViewController+Extension.swift */; };
		59408653270D4FBD003C9F9A /* UITableViewCell+Extension.swift in Sources */ = {isa = PBXBuildFile; fileRef = 59408635270D4FBD003C9F9A /* UITableViewCell+Extension.swift */; };
		59408654270D4FBD003C9F9A /* UITableView+Extension.swift in Sources */ = {isa = PBXBuildFile; fileRef = 59408636270D4FBD003C9F9A /* UITableView+Extension.swift */; };
		59408655270D4FBD003C9F9A /* NavBar.swift in Sources */ = {isa = PBXBuildFile; fileRef = 59408639270D4FBD003C9F9A /* NavBar.swift */; };
		59408656270D4FBD003C9F9A /* HomeAnimeCell.swift in Sources */ = {isa = PBXBuildFile; fileRef = 5940863E270D4FBD003C9F9A /* HomeAnimeCell.swift */; };
		59408657270D4FBD003C9F9A /* DetaildInteractor.swift in Sources */ = {isa = PBXBuildFile; fileRef = 5940863F270D4FBD003C9F9A /* DetaildInteractor.swift */; };
		59408658270D4FBD003C9F9A /* DetaildPresenter.swift in Sources */ = {isa = PBXBuildFile; fileRef = 59408640270D4FBD003C9F9A /* DetaildPresenter.swift */; };
		59408659270D4FBD003C9F9A /* DetaildRouter.swift in Sources */ = {isa = PBXBuildFile; fileRef = 59408641270D4FBD003C9F9A /* DetaildRouter.swift */; };
		5940865A270D4FBD003C9F9A /* HomeAnimeCell.xib in Resources */ = {isa = PBXBuildFile; fileRef = 59408642270D4FBD003C9F9A /* HomeAnimeCell.xib */; };
		5940865B270D4FBD003C9F9A /* DetaildProtocols.swift in Sources */ = {isa = PBXBuildFile; fileRef = 59408643270D4FBD003C9F9A /* DetaildProtocols.swift */; };
		5940865C270D4FBD003C9F9A /* DetaildView.storyboard in Resources */ = {isa = PBXBuildFile; fileRef = 59408645270D4FBD003C9F9A /* DetaildView.storyboard */; };
		5940865D270D4FBD003C9F9A /* DetaildViewController.swift in Sources */ = {isa = PBXBuildFile; fileRef = 59408646270D4FBD003C9F9A /* DetaildViewController.swift */; };
		5940865E270D4FBD003C9F9A /* PopularityPagerViewCell.xib in Resources */ = {isa = PBXBuildFile; fileRef = 59408648270D4FBD003C9F9A /* PopularityPagerViewCell.xib */; };
		5940865F270D4FBD003C9F9A /* PopularityPagerViewCell.swift in Sources */ = {isa = PBXBuildFile; fileRef = 59408649270D4FBD003C9F9A /* PopularityPagerViewCell.swift */; };
		59408667270D5013003C9F9A /* DetaildInteractor.swift in Sources */ = {isa = PBXBuildFile; fileRef = 59408660270D5013003C9F9A /* DetaildInteractor.swift */; };
		59408668270D5013003C9F9A /* DetaildRouter.swift in Sources */ = {isa = PBXBuildFile; fileRef = 59408661270D5013003C9F9A /* DetaildRouter.swift */; };
		59408669270D5013003C9F9A /* DetaildPresenter.swift in Sources */ = {isa = PBXBuildFile; fileRef = 59408662270D5013003C9F9A /* DetaildPresenter.swift */; };
		5940866A270D5013003C9F9A /* DetaildProtocols.swift in Sources */ = {isa = PBXBuildFile; fileRef = 59408663270D5013003C9F9A /* DetaildProtocols.swift */; };
		5940866B270D5013003C9F9A /* DetaildView.storyboard in Resources */ = {isa = PBXBuildFile; fileRef = 59408665270D5013003C9F9A /* DetaildView.storyboard */; };
		5940866C270D5013003C9F9A /* DetaildViewController.swift in Sources */ = {isa = PBXBuildFile; fileRef = 59408666270D5013003C9F9A /* DetaildViewController.swift */; };
		5940867F270D5115003C9F9A /* SearchProtocols.swift in Sources */ = {isa = PBXBuildFile; fileRef = 59408678270D5114003C9F9A /* SearchProtocols.swift */; };
		59408680270D5115003C9F9A /* SearchViewController.swift in Sources */ = {isa = PBXBuildFile; fileRef = 5940867A270D5114003C9F9A /* SearchViewController.swift */; };
		59408681270D5115003C9F9A /* SearchView.storyboard in Resources */ = {isa = PBXBuildFile; fileRef = 5940867B270D5114003C9F9A /* SearchView.storyboard */; };
		59408682270D5115003C9F9A /* SearchPresenter.swift in Sources */ = {isa = PBXBuildFile; fileRef = 5940867C270D5114003C9F9A /* SearchPresenter.swift */; };
		59408683270D5115003C9F9A /* SearchRouter.swift in Sources */ = {isa = PBXBuildFile; fileRef = 5940867D270D5114003C9F9A /* SearchRouter.swift */; };
		59408684270D5115003C9F9A /* SearchInteractor.swift in Sources */ = {isa = PBXBuildFile; fileRef = 5940867E270D5114003C9F9A /* SearchInteractor.swift */; };
		5976757E270C1B3D00A0AC8F /* HomeProtocols.swift in Sources */ = {isa = PBXBuildFile; fileRef = 59767577270C1B3D00A0AC8F /* HomeProtocols.swift */; };
		5976757F270C1B3D00A0AC8F /* HomeInteractor.swift in Sources */ = {isa = PBXBuildFile; fileRef = 59767578270C1B3D00A0AC8F /* HomeInteractor.swift */; };
		59767580270C1B3D00A0AC8F /* HomeViewController.swift in Sources */ = {isa = PBXBuildFile; fileRef = 5976757A270C1B3D00A0AC8F /* HomeViewController.swift */; };
		59767581270C1B3D00A0AC8F /* HomeView.storyboard in Resources */ = {isa = PBXBuildFile; fileRef = 5976757B270C1B3D00A0AC8F /* HomeView.storyboard */; };
		59767582270C1B3D00A0AC8F /* HomeRouter.swift in Sources */ = {isa = PBXBuildFile; fileRef = 5976757C270C1B3D00A0AC8F /* HomeRouter.swift */; };
		59767583270C1B3D00A0AC8F /* HomePresenter.swift in Sources */ = {isa = PBXBuildFile; fileRef = 5976757D270C1B3D00A0AC8F /* HomePresenter.swift */; };
		8C422EF207A4E7EE1D4BD923 /* Pods_AnimeProject.framework in Frameworks */ = {isa = PBXBuildFile; fileRef = 8F95A848E17ED8F3A4A42BA2 /* Pods_AnimeProject.framework */; };
/* End PBXBuildFile section */

/* Begin PBXFileReference section */
		5931399F270BE62D00C5C88E /* AnimeProject.app */ = {isa = PBXFileReference; explicitFileType = wrapper.application; includeInIndex = 0; path = AnimeProject.app; sourceTree = BUILT_PRODUCTS_DIR; };
		593139A2270BE62D00C5C88E /* AppDelegate.swift */ = {isa = PBXFileReference; lastKnownFileType = sourcecode.swift; path = AppDelegate.swift; sourceTree = "<group>"; };
		593139A4270BE62D00C5C88E /* SceneDelegate.swift */ = {isa = PBXFileReference; lastKnownFileType = sourcecode.swift; path = SceneDelegate.swift; sourceTree = "<group>"; };
		593139A6270BE62D00C5C88E /* ViewController.swift */ = {isa = PBXFileReference; lastKnownFileType = sourcecode.swift; path = ViewController.swift; sourceTree = "<group>"; };
		593139A9270BE62D00C5C88E /* Base */ = {isa = PBXFileReference; lastKnownFileType = file.storyboard; name = Base; path = Base.lproj/Main.storyboard; sourceTree = "<group>"; };
		593139AB270BE62F00C5C88E /* Assets.xcassets */ = {isa = PBXFileReference; lastKnownFileType = folder.assetcatalog; path = Assets.xcassets; sourceTree = "<group>"; };
		593139AE270BE62F00C5C88E /* Base */ = {isa = PBXFileReference; lastKnownFileType = file.storyboard; name = Base; path = Base.lproj/LaunchScreen.storyboard; sourceTree = "<group>"; };
		593139B0270BE62F00C5C88E /* Info.plist */ = {isa = PBXFileReference; lastKnownFileType = text.plist.xml; path = Info.plist; sourceTree = "<group>"; };
		59408627270D4FBC003C9F9A /* PopularAnimeEntitie.swift */ = {isa = PBXFileReference; fileEncoding = 4; lastKnownFileType = sourcecode.swift; path = PopularAnimeEntitie.swift; sourceTree = "<group>"; };
		59408628270D4FBC003C9F9A /* CellEntitie.swift */ = {isa = PBXFileReference; fileEncoding = 4; lastKnownFileType = sourcecode.swift; path = CellEntitie.swift; sourceTree = "<group>"; };
		59408629270D4FBC003C9F9A /* ResponsePopularAnimeEntitie.swift */ = {isa = PBXFileReference; fileEncoding = 4; lastKnownFileType = sourcecode.swift; path = ResponsePopularAnimeEntitie.swift; sourceTree = "<group>"; };
		5940862B270D4FBC003C9F9A /* ItemsTabBar.swift */ = {isa = PBXFileReference; fileEncoding = 4; lastKnownFileType = sourcecode.swift; path = ItemsTabBar.swift; sourceTree = "<group>"; };
		5940862C270D4FBC003C9F9A /* HomePropertiesCell.swift */ = {isa = PBXFileReference; fileEncoding = 4; lastKnownFileType = sourcecode.swift; path = HomePropertiesCell.swift; sourceTree = "<group>"; };
		5940862F270D4FBD003C9F9A /* AnimeRepository.swift */ = {isa = PBXFileReference; fileEncoding = 4; lastKnownFileType = sourcecode.swift; path = AnimeRepository.swift; sourceTree = "<group>"; };
		59408631270D4FBD003C9F9A /* Network.swift */ = {isa = PBXFileReference; fileEncoding = 4; lastKnownFileType = sourcecode.swift; path = Network.swift; sourceTree = "<group>"; };
		59408632270D4FBD003C9F9A /* Router.swift */ = {isa = PBXFileReference; fileEncoding = 4; lastKnownFileType = sourcecode.swift; path = Router.swift; sourceTree = "<group>"; };
		59408634270D4FBD003C9F9A /* UIViewController+Extension.swift */ = {isa = PBXFileReference; fileEncoding = 4; lastKnownFileType = sourcecode.swift; path = "UIViewController+Extension.swift"; sourceTree = "<group>"; };
		59408635270D4FBD003C9F9A /* UITableViewCell+Extension.swift */ = {isa = PBXFileReference; fileEncoding = 4; lastKnownFileType = sourcecode.swift; path = "UITableViewCell+Extension.swift"; sourceTree = "<group>"; };
		59408636270D4FBD003C9F9A /* UITableView+Extension.swift */ = {isa = PBXFileReference; fileEncoding = 4; lastKnownFileType = sourcecode.swift; path = "UITableView+Extension.swift"; sourceTree = "<group>"; };
		59408639270D4FBD003C9F9A /* NavBar.swift */ = {isa = PBXFileReference; fileEncoding = 4; lastKnownFileType = sourcecode.swift; path = NavBar.swift; sourceTree = "<group>"; };
		5940863E270D4FBD003C9F9A /* HomeAnimeCell.swift */ = {isa = PBXFileReference; fileEncoding = 4; lastKnownFileType = sourcecode.swift; path = HomeAnimeCell.swift; sourceTree = "<group>"; };
		5940863F270D4FBD003C9F9A /* DetaildInteractor.swift */ = {isa = PBXFileReference; fileEncoding = 4; lastKnownFileType = sourcecode.swift; path = DetaildInteractor.swift; sourceTree = "<group>"; };
		59408640270D4FBD003C9F9A /* DetaildPresenter.swift */ = {isa = PBXFileReference; fileEncoding = 4; lastKnownFileType = sourcecode.swift; path = DetaildPresenter.swift; sourceTree = "<group>"; };
		59408641270D4FBD003C9F9A /* DetaildRouter.swift */ = {isa = PBXFileReference; fileEncoding = 4; lastKnownFileType = sourcecode.swift; path = DetaildRouter.swift; sourceTree = "<group>"; };
		59408642270D4FBD003C9F9A /* HomeAnimeCell.xib */ = {isa = PBXFileReference; fileEncoding = 4; lastKnownFileType = file.xib; path = HomeAnimeCell.xib; sourceTree = "<group>"; };
		59408643270D4FBD003C9F9A /* DetaildProtocols.swift */ = {isa = PBXFileReference; fileEncoding = 4; lastKnownFileType = sourcecode.swift; path = DetaildProtocols.swift; sourceTree = "<group>"; };
		59408645270D4FBD003C9F9A /* DetaildView.storyboard */ = {isa = PBXFileReference; fileEncoding = 4; lastKnownFileType = file.storyboard; path = DetaildView.storyboard; sourceTree = "<group>"; };
		59408646270D4FBD003C9F9A /* DetaildViewController.swift */ = {isa = PBXFileReference; fileEncoding = 4; lastKnownFileType = sourcecode.swift; path = DetaildViewController.swift; sourceTree = "<group>"; };
		59408648270D4FBD003C9F9A /* PopularityPagerViewCell.xib */ = {isa = PBXFileReference; fileEncoding = 4; lastKnownFileType = file.xib; path = PopularityPagerViewCell.xib; sourceTree = "<group>"; };
		59408649270D4FBD003C9F9A /* PopularityPagerViewCell.swift */ = {isa = PBXFileReference; fileEncoding = 4; lastKnownFileType = sourcecode.swift; path = PopularityPagerViewCell.swift; sourceTree = "<group>"; };
		59408660270D5013003C9F9A /* DetaildInteractor.swift */ = {isa = PBXFileReference; fileEncoding = 4; lastKnownFileType = sourcecode.swift; path = DetaildInteractor.swift; sourceTree = "<group>"; };
		59408661270D5013003C9F9A /* DetaildRouter.swift */ = {isa = PBXFileReference; fileEncoding = 4; lastKnownFileType = sourcecode.swift; path = DetaildRouter.swift; sourceTree = "<group>"; };
		59408662270D5013003C9F9A /* DetaildPresenter.swift */ = {isa = PBXFileReference; fileEncoding = 4; lastKnownFileType = sourcecode.swift; path = DetaildPresenter.swift; sourceTree = "<group>"; };
		59408663270D5013003C9F9A /* DetaildProtocols.swift */ = {isa = PBXFileReference; fileEncoding = 4; lastKnownFileType = sourcecode.swift; path = DetaildProtocols.swift; sourceTree = "<group>"; };
		59408665270D5013003C9F9A /* DetaildView.storyboard */ = {isa = PBXFileReference; fileEncoding = 4; lastKnownFileType = file.storyboard; path = DetaildView.storyboard; sourceTree = "<group>"; };
		59408666270D5013003C9F9A /* DetaildViewController.swift */ = {isa = PBXFileReference; fileEncoding = 4; lastKnownFileType = sourcecode.swift; path = DetaildViewController.swift; sourceTree = "<group>"; };
		59408678270D5114003C9F9A /* SearchProtocols.swift */ = {isa = PBXFileReference; fileEncoding = 4; lastKnownFileType = sourcecode.swift; path = SearchProtocols.swift; sourceTree = "<group>"; };
		5940867A270D5114003C9F9A /* SearchViewController.swift */ = {isa = PBXFileReference; fileEncoding = 4; lastKnownFileType = sourcecode.swift; path = SearchViewController.swift; sourceTree = "<group>"; };
		5940867B270D5114003C9F9A /* SearchView.storyboard */ = {isa = PBXFileReference; fileEncoding = 4; lastKnownFileType = file.storyboard; path = SearchView.storyboard; sourceTree = "<group>"; };
		5940867C270D5114003C9F9A /* SearchPresenter.swift */ = {isa = PBXFileReference; fileEncoding = 4; lastKnownFileType = sourcecode.swift; path = SearchPresenter.swift; sourceTree = "<group>"; };
		5940867D270D5114003C9F9A /* SearchRouter.swift */ = {isa = PBXFileReference; fileEncoding = 4; lastKnownFileType = sourcecode.swift; path = SearchRouter.swift; sourceTree = "<group>"; };
		5940867E270D5114003C9F9A /* SearchInteractor.swift */ = {isa = PBXFileReference; fileEncoding = 4; lastKnownFileType = sourcecode.swift; path = SearchInteractor.swift; sourceTree = "<group>"; };
		59767577270C1B3D00A0AC8F /* HomeProtocols.swift */ = {isa = PBXFileReference; fileEncoding = 4; lastKnownFileType = sourcecode.swift; path = HomeProtocols.swift; sourceTree = "<group>"; };
		59767578270C1B3D00A0AC8F /* HomeInteractor.swift */ = {isa = PBXFileReference; fileEncoding = 4; lastKnownFileType = sourcecode.swift; path = HomeInteractor.swift; sourceTree = "<group>"; };
		5976757A270C1B3D00A0AC8F /* HomeViewController.swift */ = {isa = PBXFileReference; fileEncoding = 4; lastKnownFileType = sourcecode.swift; path = HomeViewController.swift; sourceTree = "<group>"; };
		5976757B270C1B3D00A0AC8F /* HomeView.storyboard */ = {isa = PBXFileReference; fileEncoding = 4; lastKnownFileType = file.storyboard; path = HomeView.storyboard; sourceTree = "<group>"; };
		5976757C270C1B3D00A0AC8F /* HomeRouter.swift */ = {isa = PBXFileReference; fileEncoding = 4; lastKnownFileType = sourcecode.swift; path = HomeRouter.swift; sourceTree = "<group>"; };
		5976757D270C1B3D00A0AC8F /* HomePresenter.swift */ = {isa = PBXFileReference; fileEncoding = 4; lastKnownFileType = sourcecode.swift; path = HomePresenter.swift; sourceTree = "<group>"; };
		8F95A848E17ED8F3A4A42BA2 /* Pods_AnimeProject.framework */ = {isa = PBXFileReference; explicitFileType = wrapper.framework; includeInIndex = 0; path = Pods_AnimeProject.framework; sourceTree = BUILT_PRODUCTS_DIR; };
		BBBE052511C0671448B7BED4 /* Pods-AnimeProject.debug.xcconfig */ = {isa = PBXFileReference; includeInIndex = 1; lastKnownFileType = text.xcconfig; name = "Pods-AnimeProject.debug.xcconfig"; path = "Target Support Files/Pods-AnimeProject/Pods-AnimeProject.debug.xcconfig"; sourceTree = "<group>"; };
		E0ED7D398EEE65EB338667A1 /* Pods-AnimeProject.release.xcconfig */ = {isa = PBXFileReference; includeInIndex = 1; lastKnownFileType = text.xcconfig; name = "Pods-AnimeProject.release.xcconfig"; path = "Target Support Files/Pods-AnimeProject/Pods-AnimeProject.release.xcconfig"; sourceTree = "<group>"; };
/* End PBXFileReference section */

/* Begin PBXFrameworksBuildPhase section */
		5931399C270BE62D00C5C88E /* Frameworks */ = {
			isa = PBXFrameworksBuildPhase;
			buildActionMask = 2147483647;
			files = (
				8C422EF207A4E7EE1D4BD923 /* Pods_AnimeProject.framework in Frameworks */,
			);
			runOnlyForDeploymentPostprocessing = 0;
		};
/* End PBXFrameworksBuildPhase section */

/* Begin PBXGroup section */
		59313996270BE62D00C5C88E = {
			isa = PBXGroup;
			children = (
				593139A1270BE62D00C5C88E /* AnimeProject */,
				593139A0270BE62D00C5C88E /* Products */,
				C4A5673A1AFE5AA9B93F4738 /* Pods */,
				DBAEC9B4923D4B18968AEBB7 /* Frameworks */,
			);
			sourceTree = "<group>";
		};
		593139A0270BE62D00C5C88E /* Products */ = {
			isa = PBXGroup;
			children = (
				5931399F270BE62D00C5C88E /* AnimeProject.app */,
			);
			name = Products;
			sourceTree = "<group>";
		};
		593139A1270BE62D00C5C88E /* AnimeProject */ = {
			isa = PBXGroup;
			children = (
				59767561270C10CD00A0AC8F /* Modules */,
				5976754C270C0FB600A0AC8F /* Common */,
				593139A2270BE62D00C5C88E /* AppDelegate.swift */,
				593139A4270BE62D00C5C88E /* SceneDelegate.swift */,
				593139A6270BE62D00C5C88E /* ViewController.swift */,
				593139A8270BE62D00C5C88E /* Main.storyboard */,
				593139AB270BE62F00C5C88E /* Assets.xcassets */,
				593139AD270BE62F00C5C88E /* LaunchScreen.storyboard */,
				593139B0270BE62F00C5C88E /* Info.plist */,
			);
			path = AnimeProject;
			sourceTree = "<group>";
		};
		5940861B270D4EE9003C9F9A /* Detaild */ = {
			isa = PBXGroup;
			children = (
				59408660270D5013003C9F9A /* DetaildInteractor.swift */,
				59408662270D5013003C9F9A /* DetaildPresenter.swift */,
				59408663270D5013003C9F9A /* DetaildProtocols.swift */,
				59408661270D5013003C9F9A /* DetaildRouter.swift */,
				59408664270D5013003C9F9A /* View */,
			);
			path = Detaild;
			sourceTree = "<group>";
		};
		59408626270D4FBC003C9F9A /* Entities */ = {
			isa = PBXGroup;
			children = (
				59408627270D4FBC003C9F9A /* PopularAnimeEntitie.swift */,
				59408628270D4FBC003C9F9A /* CellEntitie.swift */,
				59408629270D4FBC003C9F9A /* ResponsePopularAnimeEntitie.swift */,
			);
			path = Entities;
			sourceTree = "<group>";
		};
		5940862A270D4FBC003C9F9A /* Enum */ = {
			isa = PBXGroup;
			children = (
				5940862B270D4FBC003C9F9A /* ItemsTabBar.swift */,
				5940862C270D4FBC003C9F9A /* HomePropertiesCell.swift */,
			);
			path = Enum;
			sourceTree = "<group>";
		};
		5940862D270D4FBD003C9F9A /* Network */ = {
			isa = PBXGroup;
			children = (
				5940862E270D4FBD003C9F9A /* Repository */,
				59408630270D4FBD003C9F9A /* Api */,
			);
			path = Network;
			sourceTree = "<group>";
		};
		5940862E270D4FBD003C9F9A /* Repository */ = {
			isa = PBXGroup;
			children = (
				5940862F270D4FBD003C9F9A /* AnimeRepository.swift */,
			);
			path = Repository;
			sourceTree = "<group>";
		};
		59408630270D4FBD003C9F9A /* Api */ = {
			isa = PBXGroup;
			children = (
				59408631270D4FBD003C9F9A /* Network.swift */,
				59408632270D4FBD003C9F9A /* Router.swift */,
			);
			path = Api;
			sourceTree = "<group>";
		};
		59408633270D4FBD003C9F9A /* Extension */ = {
			isa = PBXGroup;
			children = (
				59408634270D4FBD003C9F9A /* UIViewController+Extension.swift */,
				59408635270D4FBD003C9F9A /* UITableViewCell+Extension.swift */,
				59408636270D4FBD003C9F9A /* UITableView+Extension.swift */,
			);
			path = Extension;
			sourceTree = "<group>";
		};
		59408637270D4FBD003C9F9A /* Appearance */ = {
			isa = PBXGroup;
			children = (
				59408638270D4FBD003C9F9A /* NavBar */,
				5940863A270D4FBD003C9F9A /* CustomTabBar */,
				5940863C270D4FBD003C9F9A /* TableViewCell */,
			);
			path = Appearance;
			sourceTree = "<group>";
		};
		59408638270D4FBD003C9F9A /* NavBar */ = {
			isa = PBXGroup;
			children = (
				59408639270D4FBD003C9F9A /* NavBar.swift */,
			);
			path = NavBar;
			sourceTree = "<group>";
		};
		5940863A270D4FBD003C9F9A /* CustomTabBar */ = {
			isa = PBXGroup;
			children = (
				5940863B270D4FBD003C9F9A /* View */,
			);
			path = CustomTabBar;
			sourceTree = "<group>";
		};
		5940863B270D4FBD003C9F9A /* View */ = {
			isa = PBXGroup;
			children = (
			);
			path = View;
			sourceTree = "<group>";
		};
		5940863C270D4FBD003C9F9A /* TableViewCell */ = {
			isa = PBXGroup;
			children = (
				5940863D270D4FBD003C9F9A /* HomeAnimeCell */,
				59408647270D4FBD003C9F9A /* PopularityPagerCell */,
			);
			path = TableViewCell;
			sourceTree = "<group>";
		};
		5940863D270D4FBD003C9F9A /* HomeAnimeCell */ = {
			isa = PBXGroup;
			children = (
				5940863E270D4FBD003C9F9A /* HomeAnimeCell.swift */,
				5940863F270D4FBD003C9F9A /* DetaildInteractor.swift */,
				59408640270D4FBD003C9F9A /* DetaildPresenter.swift */,
				59408641270D4FBD003C9F9A /* DetaildRouter.swift */,
				59408642270D4FBD003C9F9A /* HomeAnimeCell.xib */,
				59408643270D4FBD003C9F9A /* DetaildProtocols.swift */,
				59408644270D4FBD003C9F9A /* View */,
			);
			path = HomeAnimeCell;
			sourceTree = "<group>";
		};
		59408644270D4FBD003C9F9A /* View */ = {
			isa = PBXGroup;
			children = (
				59408645270D4FBD003C9F9A /* DetaildView.storyboard */,
				59408646270D4FBD003C9F9A /* DetaildViewController.swift */,
			);
			path = View;
			sourceTree = "<group>";
		};
		59408647270D4FBD003C9F9A /* PopularityPagerCell */ = {
			isa = PBXGroup;
			children = (
				59408648270D4FBD003C9F9A /* PopularityPagerViewCell.xib */,
				59408649270D4FBD003C9F9A /* PopularityPagerViewCell.swift */,
			);
			path = PopularityPagerCell;
			sourceTree = "<group>";
		};
		59408664270D5013003C9F9A /* View */ = {
			isa = PBXGroup;
			children = (
				59408665270D5013003C9F9A /* DetaildView.storyboard */,
				59408666270D5013003C9F9A /* DetaildViewController.swift */,
			);
			path = View;
			sourceTree = "<group>";
		};
		5940866D270D50D4003C9F9A /* Search */ = {
			isa = PBXGroup;
			children = (
				5940867E270D5114003C9F9A /* SearchInteractor.swift */,
				5940867C270D5114003C9F9A /* SearchPresenter.swift */,
				59408678270D5114003C9F9A /* SearchProtocols.swift */,
				5940867D270D5114003C9F9A /* SearchRouter.swift */,
				59408679270D5114003C9F9A /* View */,
			);
			path = Search;
			sourceTree = "<group>";
		};
		59408679270D5114003C9F9A /* View */ = {
			isa = PBXGroup;
			children = (
				5940867A270D5114003C9F9A /* SearchViewController.swift */,
				5940867B270D5114003C9F9A /* SearchView.storyboard */,
			);
			path = View;
			sourceTree = "<group>";
		};
		5976754C270C0FB600A0AC8F /* Common */ = {
			isa = PBXGroup;
			children = (
				59408637270D4FBD003C9F9A /* Appearance */,
				59408626270D4FBC003C9F9A /* Entities */,
				5940862A270D4FBC003C9F9A /* Enum */,
				59408633270D4FBD003C9F9A /* Extension */,
				5940862D270D4FBD003C9F9A /* Network */,
			);
			name = Common;
			path = ../../../../../../Desktop/Common;
			sourceTree = "<group>";
		};
		59767561270C10CD00A0AC8F /* Modules */ = {
			isa = PBXGroup;
			children = (
				5940866D270D50D4003C9F9A /* Search */,
				5940861B270D4EE9003C9F9A /* Detaild */,
				59767576270C1B1E00A0AC8F /* Home */,
			);
			path = Modules;
			sourceTree = "<group>";
		};
		59767576270C1B1E00A0AC8F /* Home */ = {
			isa = PBXGroup;
			children = (
				59767578270C1B3D00A0AC8F /* HomeInteractor.swift */,
				5976757D270C1B3D00A0AC8F /* HomePresenter.swift */,
				59767577270C1B3D00A0AC8F /* HomeProtocols.swift */,
				5976757C270C1B3D00A0AC8F /* HomeRouter.swift */,
				59767579270C1B3D00A0AC8F /* View */,
			);
			path = Home;
			sourceTree = "<group>";
		};
		59767579270C1B3D00A0AC8F /* View */ = {
			isa = PBXGroup;
			children = (
				5976757A270C1B3D00A0AC8F /* HomeViewController.swift */,
				5976757B270C1B3D00A0AC8F /* HomeView.storyboard */,
			);
			path = View;
			sourceTree = "<group>";
		};
		C4A5673A1AFE5AA9B93F4738 /* Pods */ = {
			isa = PBXGroup;
			children = (
				BBBE052511C0671448B7BED4 /* Pods-AnimeProject.debug.xcconfig */,
				E0ED7D398EEE65EB338667A1 /* Pods-AnimeProject.release.xcconfig */,
			);
			path = Pods;
			sourceTree = "<group>";
		};
		DBAEC9B4923D4B18968AEBB7 /* Frameworks */ = {
			isa = PBXGroup;
			children = (
				8F95A848E17ED8F3A4A42BA2 /* Pods_AnimeProject.framework */,
			);
			name = Frameworks;
			sourceTree = "<group>";
		};
/* End PBXGroup section */

/* Begin PBXNativeTarget section */
		5931399E270BE62D00C5C88E /* AnimeProject */ = {
			isa = PBXNativeTarget;
			buildConfigurationList = 593139B3270BE62F00C5C88E /* Build configuration list for PBXNativeTarget "AnimeProject" */;
			buildPhases = (
				3428775D5D46AAF1C0647BF5 /* [CP] Check Pods Manifest.lock */,
				5931399B270BE62D00C5C88E /* Sources */,
				5931399C270BE62D00C5C88E /* Frameworks */,
				5931399D270BE62D00C5C88E /* Resources */,
				89D7CDFCB29C9C8F9CC84E11 /* [CP] Embed Pods Frameworks */,
			);
			buildRules = (
			);
			dependencies = (
			);
			name = AnimeProject;
			productName = AnimeProject;
			productReference = 5931399F270BE62D00C5C88E /* AnimeProject.app */;
			productType = "com.apple.product-type.application";
		};
/* End PBXNativeTarget section */

/* Begin PBXProject section */
		59313997270BE62D00C5C88E /* Project object */ = {
			isa = PBXProject;
			attributes = {
				BuildIndependentTargetsInParallel = 1;
				LastSwiftUpdateCheck = 1300;
				LastUpgradeCheck = 1300;
				TargetAttributes = {
					5931399E270BE62D00C5C88E = {
						CreatedOnToolsVersion = 13.0;
					};
				};
			};
			buildConfigurationList = 5931399A270BE62D00C5C88E /* Build configuration list for PBXProject "AnimeProject" */;
			compatibilityVersion = "Xcode 13.0";
			developmentRegion = en;
			hasScannedForEncodings = 0;
			knownRegions = (
				en,
				Base,
			);
			mainGroup = 59313996270BE62D00C5C88E;
			productRefGroup = 593139A0270BE62D00C5C88E /* Products */;
			projectDirPath = "";
			projectRoot = "";
			targets = (
				5931399E270BE62D00C5C88E /* AnimeProject */,
			);
		};
/* End PBXProject section */

/* Begin PBXResourcesBuildPhase section */
		5931399D270BE62D00C5C88E /* Resources */ = {
			isa = PBXResourcesBuildPhase;
			buildActionMask = 2147483647;
			files = (
				593139AF270BE62F00C5C88E /* LaunchScreen.storyboard in Resources */,
				593139AC270BE62F00C5C88E /* Assets.xcassets in Resources */,
				5940865A270D4FBD003C9F9A /* HomeAnimeCell.xib in Resources */,
				5940865C270D4FBD003C9F9A /* DetaildView.storyboard in Resources */,
				5940865E270D4FBD003C9F9A /* PopularityPagerViewCell.xib in Resources */,
				59767581270C1B3D00A0AC8F /* HomeView.storyboard in Resources */,
				593139AA270BE62D00C5C88E /* Main.storyboard in Resources */,
				59408681270D5115003C9F9A /* SearchView.storyboard in Resources */,
				5940866B270D5013003C9F9A /* DetaildView.storyboard in Resources */,
			);
			runOnlyForDeploymentPostprocessing = 0;
		};
/* End PBXResourcesBuildPhase section */

/* Begin PBXShellScriptBuildPhase section */
		3428775D5D46AAF1C0647BF5 /* [CP] Check Pods Manifest.lock */ = {
			isa = PBXShellScriptBuildPhase;
			buildActionMask = 2147483647;
			files = (
			);
			inputFileListPaths = (
			);
			inputPaths = (
				"${PODS_PODFILE_DIR_PATH}/Podfile.lock",
				"${PODS_ROOT}/Manifest.lock",
			);
			name = "[CP] Check Pods Manifest.lock";
			outputFileListPaths = (
			);
			outputPaths = (
				"$(DERIVED_FILE_DIR)/Pods-AnimeProject-checkManifestLockResult.txt",
			);
			runOnlyForDeploymentPostprocessing = 0;
			shellPath = /bin/sh;
			shellScript = "diff \"${PODS_PODFILE_DIR_PATH}/Podfile.lock\" \"${PODS_ROOT}/Manifest.lock\" > /dev/null\nif [ $? != 0 ] ; then\n    # print error to STDERR\n    echo \"error: The sandbox is not in sync with the Podfile.lock. Run 'pod install' or update your CocoaPods installation.\" >&2\n    exit 1\nfi\n# This output is used by Xcode 'outputs' to avoid re-running this script phase.\necho \"SUCCESS\" > \"${SCRIPT_OUTPUT_FILE_0}\"\n";
			showEnvVarsInLog = 0;
		};
		89D7CDFCB29C9C8F9CC84E11 /* [CP] Embed Pods Frameworks */ = {
			isa = PBXShellScriptBuildPhase;
			buildActionMask = 2147483647;
			files = (
			);
			inputFileListPaths = (
				"${PODS_ROOT}/Target Support Files/Pods-AnimeProject/Pods-AnimeProject-frameworks-${CONFIGURATION}-input-files.xcfilelist",
			);
			name = "[CP] Embed Pods Frameworks";
			outputFileListPaths = (
				"${PODS_ROOT}/Target Support Files/Pods-AnimeProject/Pods-AnimeProject-frameworks-${CONFIGURATION}-output-files.xcfilelist",
			);
			runOnlyForDeploymentPostprocessing = 0;
			shellPath = /bin/sh;
			shellScript = "\"${PODS_ROOT}/Target Support Files/Pods-AnimeProject/Pods-AnimeProject-frameworks.sh\"\n";
			showEnvVarsInLog = 0;
		};
/* End PBXShellScriptBuildPhase section */

/* Begin PBXSourcesBuildPhase section */
		5931399B270BE62D00C5C88E /* Sources */ = {
			isa = PBXSourcesBuildPhase;
			buildActionMask = 2147483647;
			files = (
				59767583270C1B3D00A0AC8F /* HomePresenter.swift in Sources */,
				59408684270D5115003C9F9A /* SearchInteractor.swift in Sources */,
				5976757F270C1B3D00A0AC8F /* HomeInteractor.swift in Sources */,
				59408658270D4FBD003C9F9A /* DetaildPresenter.swift in Sources */,
				5940867F270D5115003C9F9A /* SearchProtocols.swift in Sources */,
				59408654270D4FBD003C9F9A /* UITableView+Extension.swift in Sources */,
				59408669270D5013003C9F9A /* DetaildPresenter.swift in Sources */,
				5940864A270D4FBD003C9F9A /* PopularAnimeEntitie.swift in Sources */,
				5976757E270C1B3D00A0AC8F /* HomeProtocols.swift in Sources */,
				59408659270D4FBD003C9F9A /* DetaildRouter.swift in Sources */,
				59408655270D4FBD003C9F9A /* NavBar.swift in Sources */,
				59408652270D4FBD003C9F9A /* UIViewController+Extension.swift in Sources */,
				593139A7270BE62D00C5C88E /* ViewController.swift in Sources */,
				59408683270D5115003C9F9A /* SearchRouter.swift in Sources */,
				59408650270D4FBD003C9F9A /* Network.swift in Sources */,
				5940866C270D5013003C9F9A /* DetaildViewController.swift in Sources */,
				5940865F270D4FBD003C9F9A /* PopularityPagerViewCell.swift in Sources */,
				59767582270C1B3D00A0AC8F /* HomeRouter.swift in Sources */,
				5940864D270D4FBD003C9F9A /* ItemsTabBar.swift in Sources */,
				59408651270D4FBD003C9F9A /* Router.swift in Sources */,
				5940865D270D4FBD003C9F9A /* DetaildViewController.swift in Sources */,
				5940865B270D4FBD003C9F9A /* DetaildProtocols.swift in Sources */,
				59408680270D5115003C9F9A /* SearchViewController.swift in Sources */,
				593139A3270BE62D00C5C88E /* AppDelegate.swift in Sources */,
				5940864E270D4FBD003C9F9A /* HomePropertiesCell.swift in Sources */,
				59767580270C1B3D00A0AC8F /* HomeViewController.swift in Sources */,
				59408653270D4FBD003C9F9A /* UITableViewCell+Extension.swift in Sources */,
				59408656270D4FBD003C9F9A /* HomeAnimeCell.swift in Sources */,
				5940866A270D5013003C9F9A /* DetaildProtocols.swift in Sources */,
				59408682270D5115003C9F9A /* SearchPresenter.swift in Sources */,
				5940864C270D4FBD003C9F9A /* ResponsePopularAnimeEntitie.swift in Sources */,
				59408668270D5013003C9F9A /* DetaildRouter.swift in Sources */,
				59408657270D4FBD003C9F9A /* DetaildInteractor.swift in Sources */,
				59408667270D5013003C9F9A /* DetaildInteractor.swift in Sources */,
				5940864B270D4FBD003C9F9A /* CellEntitie.swift in Sources */,
				5940864F270D4FBD003C9F9A /* AnimeRepository.swift in Sources */,
				593139A5270BE62D00C5C88E /* SceneDelegate.swift in Sources */,
			);
			runOnlyForDeploymentPostprocessing = 0;
		};
/* End PBXSourcesBuildPhase section */

/* Begin PBXVariantGroup section */
		593139A8270BE62D00C5C88E /* Main.storyboard */ = {
			isa = PBXVariantGroup;
			children = (
				593139A9270BE62D00C5C88E /* Base */,
			);
			name = Main.storyboard;
			sourceTree = "<group>";
		};
		593139AD270BE62F00C5C88E /* LaunchScreen.storyboard */ = {
			isa = PBXVariantGroup;
			children = (
				593139AE270BE62F00C5C88E /* Base */,
			);
			name = LaunchScreen.storyboard;
			sourceTree = "<group>";
		};
/* End PBXVariantGroup section */

/* Begin XCBuildConfiguration section */
		593139B1270BE62F00C5C88E /* Debug */ = {
			isa = XCBuildConfiguration;
			buildSettings = {
				ALWAYS_SEARCH_USER_PATHS = NO;
				CLANG_ANALYZER_NONNULL = YES;
				CLANG_ANALYZER_NUMBER_OBJECT_CONVERSION = YES_AGGRESSIVE;
				CLANG_CXX_LANGUAGE_STANDARD = "gnu++17";
				CLANG_CXX_LIBRARY = "libc++";
				CLANG_ENABLE_MODULES = YES;
				CLANG_ENABLE_OBJC_ARC = YES;
				CLANG_ENABLE_OBJC_WEAK = YES;
				CLANG_WARN_BLOCK_CAPTURE_AUTORELEASING = YES;
				CLANG_WARN_BOOL_CONVERSION = YES;
				CLANG_WARN_COMMA = YES;
				CLANG_WARN_CONSTANT_CONVERSION = YES;
				CLANG_WARN_DEPRECATED_OBJC_IMPLEMENTATIONS = YES;
				CLANG_WARN_DIRECT_OBJC_ISA_USAGE = YES_ERROR;
				CLANG_WARN_DOCUMENTATION_COMMENTS = YES;
				CLANG_WARN_EMPTY_BODY = YES;
				CLANG_WARN_ENUM_CONVERSION = YES;
				CLANG_WARN_INFINITE_RECURSION = YES;
				CLANG_WARN_INT_CONVERSION = YES;
				CLANG_WARN_NON_LITERAL_NULL_CONVERSION = YES;
				CLANG_WARN_OBJC_IMPLICIT_RETAIN_SELF = YES;
				CLANG_WARN_OBJC_LITERAL_CONVERSION = YES;
				CLANG_WARN_OBJC_ROOT_CLASS = YES_ERROR;
				CLANG_WARN_QUOTED_INCLUDE_IN_FRAMEWORK_HEADER = YES;
				CLANG_WARN_RANGE_LOOP_ANALYSIS = YES;
				CLANG_WARN_STRICT_PROTOTYPES = YES;
				CLANG_WARN_SUSPICIOUS_MOVE = YES;
				CLANG_WARN_UNGUARDED_AVAILABILITY = YES_AGGRESSIVE;
				CLANG_WARN_UNREACHABLE_CODE = YES;
				CLANG_WARN__DUPLICATE_METHOD_MATCH = YES;
				COPY_PHASE_STRIP = NO;
				DEBUG_INFORMATION_FORMAT = dwarf;
				ENABLE_STRICT_OBJC_MSGSEND = YES;
				ENABLE_TESTABILITY = YES;
				GCC_C_LANGUAGE_STANDARD = gnu11;
				GCC_DYNAMIC_NO_PIC = NO;
				GCC_NO_COMMON_BLOCKS = YES;
				GCC_OPTIMIZATION_LEVEL = 0;
				GCC_PREPROCESSOR_DEFINITIONS = (
					"DEBUG=1",
					"$(inherited)",
				);
				GCC_WARN_64_TO_32_BIT_CONVERSION = YES;
				GCC_WARN_ABOUT_RETURN_TYPE = YES_ERROR;
				GCC_WARN_UNDECLARED_SELECTOR = YES;
				GCC_WARN_UNINITIALIZED_AUTOS = YES_AGGRESSIVE;
				GCC_WARN_UNUSED_FUNCTION = YES;
				GCC_WARN_UNUSED_VARIABLE = YES;
				IPHONEOS_DEPLOYMENT_TARGET = 15.0;
				MTL_ENABLE_DEBUG_INFO = INCLUDE_SOURCE;
				MTL_FAST_MATH = YES;
				ONLY_ACTIVE_ARCH = YES;
				SDKROOT = iphoneos;
				SWIFT_ACTIVE_COMPILATION_CONDITIONS = DEBUG;
				SWIFT_OPTIMIZATION_LEVEL = "-Onone";
			};
			name = Debug;
		};
		593139B2270BE62F00C5C88E /* Release */ = {
			isa = XCBuildConfiguration;
			buildSettings = {
				ALWAYS_SEARCH_USER_PATHS = NO;
				CLANG_ANALYZER_NONNULL = YES;
				CLANG_ANALYZER_NUMBER_OBJECT_CONVERSION = YES_AGGRESSIVE;
				CLANG_CXX_LANGUAGE_STANDARD = "gnu++17";
				CLANG_CXX_LIBRARY = "libc++";
				CLANG_ENABLE_MODULES = YES;
				CLANG_ENABLE_OBJC_ARC = YES;
				CLANG_ENABLE_OBJC_WEAK = YES;
				CLANG_WARN_BLOCK_CAPTURE_AUTORELEASING = YES;
				CLANG_WARN_BOOL_CONVERSION = YES;
				CLANG_WARN_COMMA = YES;
				CLANG_WARN_CONSTANT_CONVERSION = YES;
				CLANG_WARN_DEPRECATED_OBJC_IMPLEMENTATIONS = YES;
				CLANG_WARN_DIRECT_OBJC_ISA_USAGE = YES_ERROR;
				CLANG_WARN_DOCUMENTATION_COMMENTS = YES;
				CLANG_WARN_EMPTY_BODY = YES;
				CLANG_WARN_ENUM_CONVERSION = YES;
				CLANG_WARN_INFINITE_RECURSION = YES;
				CLANG_WARN_INT_CONVERSION = YES;
				CLANG_WARN_NON_LITERAL_NULL_CONVERSION = YES;
				CLANG_WARN_OBJC_IMPLICIT_RETAIN_SELF = YES;
				CLANG_WARN_OBJC_LITERAL_CONVERSION = YES;
				CLANG_WARN_OBJC_ROOT_CLASS = YES_ERROR;
				CLANG_WARN_QUOTED_INCLUDE_IN_FRAMEWORK_HEADER = YES;
				CLANG_WARN_RANGE_LOOP_ANALYSIS = YES;
				CLANG_WARN_STRICT_PROTOTYPES = YES;
				CLANG_WARN_SUSPICIOUS_MOVE = YES;
				CLANG_WARN_UNGUARDED_AVAILABILITY = YES_AGGRESSIVE;
				CLANG_WARN_UNREACHABLE_CODE = YES;
				CLANG_WARN__DUPLICATE_METHOD_MATCH = YES;
				COPY_PHASE_STRIP = NO;
				DEBUG_INFORMATION_FORMAT = "dwarf-with-dsym";
				ENABLE_NS_ASSERTIONS = NO;
				ENABLE_STRICT_OBJC_MSGSEND = YES;
				GCC_C_LANGUAGE_STANDARD = gnu11;
				GCC_NO_COMMON_BLOCKS = YES;
				GCC_WARN_64_TO_32_BIT_CONVERSION = YES;
				GCC_WARN_ABOUT_RETURN_TYPE = YES_ERROR;
				GCC_WARN_UNDECLARED_SELECTOR = YES;
				GCC_WARN_UNINITIALIZED_AUTOS = YES_AGGRESSIVE;
				GCC_WARN_UNUSED_FUNCTION = YES;
				GCC_WARN_UNUSED_VARIABLE = YES;
				IPHONEOS_DEPLOYMENT_TARGET = 15.0;
				MTL_ENABLE_DEBUG_INFO = NO;
				MTL_FAST_MATH = YES;
				SDKROOT = iphoneos;
				SWIFT_COMPILATION_MODE = wholemodule;
				SWIFT_OPTIMIZATION_LEVEL = "-O";
				VALIDATE_PRODUCT = YES;
			};
			name = Release;
		};
		593139B4270BE62F00C5C88E /* Debug */ = {
			isa = XCBuildConfiguration;
			baseConfigurationReference = BBBE052511C0671448B7BED4 /* Pods-AnimeProject.debug.xcconfig */;
			buildSettings = {
				ASSETCATALOG_COMPILER_APPICON_NAME = AppIcon;
				ASSETCATALOG_COMPILER_GLOBAL_ACCENT_COLOR_NAME = AccentColor;
				CODE_SIGN_STYLE = Automatic;
				CURRENT_PROJECT_VERSION = 1;
				GENERATE_INFOPLIST_FILE = YES;
				INFOPLIST_FILE = AnimeProject/Info.plist;
				INFOPLIST_KEY_UIApplicationSupportsIndirectInputEvents = YES;
				INFOPLIST_KEY_UILaunchStoryboardName = LaunchScreen;
				INFOPLIST_KEY_UIMainStoryboardFile = Main;
				INFOPLIST_KEY_UISupportedInterfaceOrientations_iPad = "UIInterfaceOrientationPortrait UIInterfaceOrientationPortraitUpsideDown UIInterfaceOrientationLandscapeLeft UIInterfaceOrientationLandscapeRight";
				INFOPLIST_KEY_UISupportedInterfaceOrientations_iPhone = "UIInterfaceOrientationPortrait UIInterfaceOrientationLandscapeLeft UIInterfaceOrientationLandscapeRight";
				LD_RUNPATH_SEARCH_PATHS = (
					"$(inherited)",
					"@executable_path/Frameworks",
				);
				MARKETING_VERSION = 1.0;
				PRODUCT_BUNDLE_IDENTIFIER = com.camilo.AnimeProject;
				PRODUCT_NAME = "$(TARGET_NAME)";
				SWIFT_EMIT_LOC_STRINGS = YES;
				SWIFT_VERSION = 5.0;
				TARGETED_DEVICE_FAMILY = "1,2";
			};
			name = Debug;
		};
		593139B5270BE62F00C5C88E /* Release */ = {
			isa = XCBuildConfiguration;
			baseConfigurationReference = E0ED7D398EEE65EB338667A1 /* Pods-AnimeProject.release.xcconfig */;
			buildSettings = {
				ASSETCATALOG_COMPILER_APPICON_NAME = AppIcon;
				ASSETCATALOG_COMPILER_GLOBAL_ACCENT_COLOR_NAME = AccentColor;
				CODE_SIGN_STYLE = Automatic;
				CURRENT_PROJECT_VERSION = 1;
				GENERATE_INFOPLIST_FILE = YES;
				INFOPLIST_FILE = AnimeProject/Info.plist;
				INFOPLIST_KEY_UIApplicationSupportsIndirectInputEvents = YES;
				INFOPLIST_KEY_UILaunchStoryboardName = LaunchScreen;
				INFOPLIST_KEY_UIMainStoryboardFile = Main;
				INFOPLIST_KEY_UISupportedInterfaceOrientations_iPad = "UIInterfaceOrientationPortrait UIInterfaceOrientationPortraitUpsideDown UIInterfaceOrientationLandscapeLeft UIInterfaceOrientationLandscapeRight";
				INFOPLIST_KEY_UISupportedInterfaceOrientations_iPhone = "UIInterfaceOrientationPortrait UIInterfaceOrientationLandscapeLeft UIInterfaceOrientationLandscapeRight";
				LD_RUNPATH_SEARCH_PATHS = (
					"$(inherited)",
					"@executable_path/Frameworks",
				);
				MARKETING_VERSION = 1.0;
				PRODUCT_BUNDLE_IDENTIFIER = com.camilo.AnimeProject;
				PRODUCT_NAME = "$(TARGET_NAME)";
				SWIFT_EMIT_LOC_STRINGS = YES;
				SWIFT_VERSION = 5.0;
				TARGETED_DEVICE_FAMILY = "1,2";
			};
			name = Release;
		};
/* End XCBuildConfiguration section */

/* Begin XCConfigurationList section */
		5931399A270BE62D00C5C88E /* Build configuration list for PBXProject "AnimeProject" */ = {
			isa = XCConfigurationList;
			buildConfigurations = (
				593139B1270BE62F00C5C88E /* Debug */,
				593139B2270BE62F00C5C88E /* Release */,
			);
			defaultConfigurationIsVisible = 0;
			defaultConfigurationName = Release;
		};
		593139B3270BE62F00C5C88E /* Build configuration list for PBXNativeTarget "AnimeProject" */ = {
			isa = XCConfigurationList;
			buildConfigurations = (
				593139B4270BE62F00C5C88E /* Debug */,
				593139B5270BE62F00C5C88E /* Release */,
			);
			defaultConfigurationIsVisible = 0;
			defaultConfigurationName = Release;
		};
/* End XCConfigurationList section */
	};
	rootObject = 59313997270BE62D00C5C88E /* Project object */;
}
