// !$*UTF8*$!
{
	archiveVersion = 1;
	classes = {
	};
	objectVersion = 55;
	objects = {

/* Begin PBXBuildFile section */
		593139A3270BE62D00C5C88E /* AppDelegate.swift in Sources */ = {isa = PBXBuildFile; fileRef = 593139A2270BE62D00C5C88E /* AppDelegate.swift */; };
		593139A5270BE62D00C5C88E /* SceneDelegate.swift in Sources */ = {isa = PBXBuildFile; fileRef = 593139A4270BE62D00C5C88E /* SceneDelegate.swift */; };
		593139A7270BE62D00C5C88E /* ViewController.swift in Sources */ = {isa = PBXBuildFile; fileRef = 593139A6270BE62D00C5C88E /* ViewController.swift */; };
		593139AA270BE62D00C5C88E /* Main.storyboard in Resources */ = {isa = PBXBuildFile; fileRef = 593139A8270BE62D00C5C88E /* Main.storyboard */; };
		593139AC270BE62F00C5C88E /* Assets.xcassets in Resources */ = {isa = PBXBuildFile; fileRef = 593139AB270BE62F00C5C88E /* Assets.xcassets */; };
		593139AF270BE62F00C5C88E /* LaunchScreen.storyboard in Resources */ = {isa = PBXBuildFile; fileRef = 593139AD270BE62F00C5C88E /* LaunchScreen.storyboard */; };
		59767559270C0FB600A0AC8F /* UIViewController+Extension.swift in Sources */ = {isa = PBXBuildFile; fileRef = 5976754F270C0FB600A0AC8F /* UIViewController+Extension.swift */; };
		5976755F270C0FB600A0AC8F /* ItemsTabBar.swift in Sources */ = {isa = PBXBuildFile; fileRef = 59767558270C0FB600A0AC8F /* ItemsTabBar.swift */; };
		5976757E270C1B3D00A0AC8F /* HomeProtocols.swift in Sources */ = {isa = PBXBuildFile; fileRef = 59767577270C1B3D00A0AC8F /* HomeProtocols.swift */; };
		5976757F270C1B3D00A0AC8F /* HomeInteractor.swift in Sources */ = {isa = PBXBuildFile; fileRef = 59767578270C1B3D00A0AC8F /* HomeInteractor.swift */; };
		59767580270C1B3D00A0AC8F /* HomeViewController.swift in Sources */ = {isa = PBXBuildFile; fileRef = 5976757A270C1B3D00A0AC8F /* HomeViewController.swift */; };
		59767581270C1B3D00A0AC8F /* HomeView.storyboard in Resources */ = {isa = PBXBuildFile; fileRef = 5976757B270C1B3D00A0AC8F /* HomeView.storyboard */; };
		59767582270C1B3D00A0AC8F /* HomeRouter.swift in Sources */ = {isa = PBXBuildFile; fileRef = 5976757C270C1B3D00A0AC8F /* HomeRouter.swift */; };
		59767583270C1B3D00A0AC8F /* HomePresenter.swift in Sources */ = {isa = PBXBuildFile; fileRef = 5976757D270C1B3D00A0AC8F /* HomePresenter.swift */; };
		8C422EF207A4E7EE1D4BD923 /* Pods_AnimeProject.framework in Frameworks */ = {isa = PBXBuildFile; fileRef = 8F95A848E17ED8F3A4A42BA2 /* Pods_AnimeProject.framework */; };
/* End PBXBuildFile section */

/* Begin PBXFileReference section */
		5931399F270BE62D00C5C88E /* AnimeProject.app */ = {isa = PBXFileReference; explicitFileType = wrapper.application; includeInIndex = 0; path = AnimeProject.app; sourceTree = BUILT_PRODUCTS_DIR; };
		593139A2270BE62D00C5C88E /* AppDelegate.swift */ = {isa = PBXFileReference; lastKnownFileType = sourcecode.swift; path = AppDelegate.swift; sourceTree = "<group>"; };
		593139A4270BE62D00C5C88E /* SceneDelegate.swift */ = {isa = PBXFileReference; lastKnownFileType = sourcecode.swift; path = SceneDelegate.swift; sourceTree = "<group>"; };
		593139A6270BE62D00C5C88E /* ViewController.swift */ = {isa = PBXFileReference; lastKnownFileType = sourcecode.swift; path = ViewController.swift; sourceTree = "<group>"; };
		593139A9270BE62D00C5C88E /* Base */ = {isa = PBXFileReference; lastKnownFileType = file.storyboard; name = Base; path = Base.lproj/Main.storyboard; sourceTree = "<group>"; };
		593139AB270BE62F00C5C88E /* Assets.xcassets */ = {isa = PBXFileReference; lastKnownFileType = folder.assetcatalog; path = Assets.xcassets; sourceTree = "<group>"; };
		593139AE270BE62F00C5C88E /* Base */ = {isa = PBXFileReference; lastKnownFileType = file.storyboard; name = Base; path = Base.lproj/LaunchScreen.storyboard; sourceTree = "<group>"; };
		593139B0270BE62F00C5C88E /* Info.plist */ = {isa = PBXFileReference; lastKnownFileType = text.plist.xml; path = Info.plist; sourceTree = "<group>"; };
		5976754F270C0FB600A0AC8F /* UIViewController+Extension.swift */ = {isa = PBXFileReference; fileEncoding = 4; lastKnownFileType = sourcecode.swift; path = "UIViewController+Extension.swift"; sourceTree = "<group>"; };
		59767558270C0FB600A0AC8F /* ItemsTabBar.swift */ = {isa = PBXFileReference; fileEncoding = 4; lastKnownFileType = sourcecode.swift; path = ItemsTabBar.swift; sourceTree = "<group>"; };
		59767577270C1B3D00A0AC8F /* HomeProtocols.swift */ = {isa = PBXFileReference; fileEncoding = 4; lastKnownFileType = sourcecode.swift; path = HomeProtocols.swift; sourceTree = "<group>"; };
		59767578270C1B3D00A0AC8F /* HomeInteractor.swift */ = {isa = PBXFileReference; fileEncoding = 4; lastKnownFileType = sourcecode.swift; path = HomeInteractor.swift; sourceTree = "<group>"; };
		5976757A270C1B3D00A0AC8F /* HomeViewController.swift */ = {isa = PBXFileReference; fileEncoding = 4; lastKnownFileType = sourcecode.swift; path = HomeViewController.swift; sourceTree = "<group>"; };
		5976757B270C1B3D00A0AC8F /* HomeView.storyboard */ = {isa = PBXFileReference; fileEncoding = 4; lastKnownFileType = file.storyboard; path = HomeView.storyboard; sourceTree = "<group>"; };
		5976757C270C1B3D00A0AC8F /* HomeRouter.swift */ = {isa = PBXFileReference; fileEncoding = 4; lastKnownFileType = sourcecode.swift; path = HomeRouter.swift; sourceTree = "<group>"; };
		5976757D270C1B3D00A0AC8F /* HomePresenter.swift */ = {isa = PBXFileReference; fileEncoding = 4; lastKnownFileType = sourcecode.swift; path = HomePresenter.swift; sourceTree = "<group>"; };
		8F95A848E17ED8F3A4A42BA2 /* Pods_AnimeProject.framework */ = {isa = PBXFileReference; explicitFileType = wrapper.framework; includeInIndex = 0; path = Pods_AnimeProject.framework; sourceTree = BUILT_PRODUCTS_DIR; };
		BBBE052511C0671448B7BED4 /* Pods-AnimeProject.debug.xcconfig */ = {isa = PBXFileReference; includeInIndex = 1; lastKnownFileType = text.xcconfig; name = "Pods-AnimeProject.debug.xcconfig"; path = "Target Support Files/Pods-AnimeProject/Pods-AnimeProject.debug.xcconfig"; sourceTree = "<group>"; };
		E0ED7D398EEE65EB338667A1 /* Pods-AnimeProject.release.xcconfig */ = {isa = PBXFileReference; includeInIndex = 1; lastKnownFileType = text.xcconfig; name = "Pods-AnimeProject.release.xcconfig"; path = "Target Support Files/Pods-AnimeProject/Pods-AnimeProject.release.xcconfig"; sourceTree = "<group>"; };
/* End PBXFileReference section */

/* Begin PBXFrameworksBuildPhase section */
		5931399C270BE62D00C5C88E /* Frameworks */ = {
			isa = PBXFrameworksBuildPhase;
			buildActionMask = 2147483647;
			files = (
				8C422EF207A4E7EE1D4BD923 /* Pods_AnimeProject.framework in Frameworks */,
			);
			runOnlyForDeploymentPostprocessing = 0;
		};
/* End PBXFrameworksBuildPhase section */

/* Begin PBXGroup section */
		59313996270BE62D00C5C88E = {
			isa = PBXGroup;
			children = (
				593139A1270BE62D00C5C88E /* AnimeProject */,
				593139A0270BE62D00C5C88E /* Products */,
				C4A5673A1AFE5AA9B93F4738 /* Pods */,
				DBAEC9B4923D4B18968AEBB7 /* Frameworks */,
			);
			sourceTree = "<group>";
		};
		593139A0270BE62D00C5C88E /* Products */ = {
			isa = PBXGroup;
			children = (
				5931399F270BE62D00C5C88E /* AnimeProject.app */,
			);
			name = Products;
			sourceTree = "<group>";
		};
		593139A1270BE62D00C5C88E /* AnimeProject */ = {
			isa = PBXGroup;
			children = (
				59767561270C10CD00A0AC8F /* Modules */,
				5976754C270C0FB600A0AC8F /* Common */,
				593139A2270BE62D00C5C88E /* AppDelegate.swift */,
				593139A4270BE62D00C5C88E /* SceneDelegate.swift */,
				593139A6270BE62D00C5C88E /* ViewController.swift */,
				593139A8270BE62D00C5C88E /* Main.storyboard */,
				593139AB270BE62F00C5C88E /* Assets.xcassets */,
				593139AD270BE62F00C5C88E /* LaunchScreen.storyboard */,
				593139B0270BE62F00C5C88E /* Info.plist */,
			);
			path = AnimeProject;
			sourceTree = "<group>";
		};
		5976754C270C0FB600A0AC8F /* Common */ = {
			isa = PBXGroup;
			children = (
				5976754D270C0FB600A0AC8F /* Appearance */,
				5976754E270C0FB600A0AC8F /* Extension */,
				59767557270C0FB600A0AC8F /* Enum */,
			);
			name = Common;
			path = ../../../../../../Desktop/Common;
			sourceTree = "<group>";
		};
		5976754D270C0FB600A0AC8F /* Appearance */ = {
			isa = PBXGroup;
			children = (
			);
			path = Appearance;
			sourceTree = "<group>";
		};
		5976754E270C0FB600A0AC8F /* Extension */ = {
			isa = PBXGroup;
			children = (
				5976754F270C0FB600A0AC8F /* UIViewController+Extension.swift */,
			);
			path = Extension;
			sourceTree = "<group>";
		};
		59767557270C0FB600A0AC8F /* Enum */ = {
			isa = PBXGroup;
			children = (
				59767558270C0FB600A0AC8F /* ItemsTabBar.swift */,
			);
			path = Enum;
			sourceTree = "<group>";
		};
		59767561270C10CD00A0AC8F /* Modules */ = {
			isa = PBXGroup;
			children = (
				59767576270C1B1E00A0AC8F /* Home */,
			);
			path = Modules;
			sourceTree = "<group>";
		};
		59767576270C1B1E00A0AC8F /* Home */ = {
			isa = PBXGroup;
			children = (
				59767578270C1B3D00A0AC8F /* HomeInteractor.swift */,
				5976757D270C1B3D00A0AC8F /* HomePresenter.swift */,
				59767577270C1B3D00A0AC8F /* HomeProtocols.swift */,
				5976757C270C1B3D00A0AC8F /* HomeRouter.swift */,
				59767579270C1B3D00A0AC8F /* View */,
			);
			path = Home;
			sourceTree = "<group>";
		};
		59767579270C1B3D00A0AC8F /* View */ = {
			isa = PBXGroup;
			children = (
				5976757A270C1B3D00A0AC8F /* HomeViewController.swift */,
				5976757B270C1B3D00A0AC8F /* HomeView.storyboard */,
			);
			path = View;
			sourceTree = "<group>";
		};
		C4A5673A1AFE5AA9B93F4738 /* Pods */ = {
			isa = PBXGroup;
			children = (
				BBBE052511C0671448B7BED4 /* Pods-AnimeProject.debug.xcconfig */,
				E0ED7D398EEE65EB338667A1 /* Pods-AnimeProject.release.xcconfig */,
			);
			name = Pods;
			path = Pods;
			sourceTree = "<group>";
		};
		DBAEC9B4923D4B18968AEBB7 /* Frameworks */ = {
			isa = PBXGroup;
			children = (
				8F95A848E17ED8F3A4A42BA2 /* Pods_AnimeProject.framework */,
			);
			name = Frameworks;
			sourceTree = "<group>";
		};
/* End PBXGroup section */

/* Begin PBXNativeTarget section */
		5931399E270BE62D00C5C88E /* AnimeProject */ = {
			isa = PBXNativeTarget;
			buildConfigurationList = 593139B3270BE62F00C5C88E /* Build configuration list for PBXNativeTarget "AnimeProject" */;
			buildPhases = (
				3428775D5D46AAF1C0647BF5 /* [CP] Check Pods Manifest.lock */,
				5931399B270BE62D00C5C88E /* Sources */,
				5931399C270BE62D00C5C88E /* Frameworks */,
				5931399D270BE62D00C5C88E /* Resources */,
				89D7CDFCB29C9C8F9CC84E11 /* [CP] Embed Pods Frameworks */,
			);
			buildRules = (
			);
			dependencies = (
			);
			name = AnimeProject;
			productName = AnimeProject;
			productReference = 5931399F270BE62D00C5C88E /* AnimeProject.app */;
			productType = "com.apple.product-type.application";
		};
/* End PBXNativeTarget section */

/* Begin PBXProject section */
		59313997270BE62D00C5C88E /* Project object */ = {
			isa = PBXProject;
			attributes = {
				BuildIndependentTargetsInParallel = 1;
				LastSwiftUpdateCheck = 1300;
				LastUpgradeCheck = 1300;
				TargetAttributes = {
					5931399E270BE62D00C5C88E = {
						CreatedOnToolsVersion = 13.0;
					};
				};
			};
			buildConfigurationList = 5931399A270BE62D00C5C88E /* Build configuration list for PBXProject "AnimeProject" */;
			compatibilityVersion = "Xcode 13.0";
			developmentRegion = en;
			hasScannedForEncodings = 0;
			knownRegions = (
				en,
				Base,
			);
			mainGroup = 59313996270BE62D00C5C88E;
			productRefGroup = 593139A0270BE62D00C5C88E /* Products */;
			projectDirPath = "";
			projectRoot = "";
			targets = (
				5931399E270BE62D00C5C88E /* AnimeProject */,
			);
		};
/* End PBXProject section */

/* Begin PBXResourcesBuildPhase section */
		5931399D270BE62D00C5C88E /* Resources */ = {
			isa = PBXResourcesBuildPhase;
			buildActionMask = 2147483647;
			files = (
				593139AF270BE62F00C5C88E /* LaunchScreen.storyboard in Resources */,
				593139AC270BE62F00C5C88E /* Assets.xcassets in Resources */,
				59767581270C1B3D00A0AC8F /* HomeView.storyboard in Resources */,
				593139AA270BE62D00C5C88E /* Main.storyboard in Resources */,
			);
			runOnlyForDeploymentPostprocessing = 0;
		};
/* End PBXResourcesBuildPhase section */

/* Begin PBXShellScriptBuildPhase section */
		3428775D5D46AAF1C0647BF5 /* [CP] Check Pods Manifest.lock */ = {
			isa = PBXShellScriptBuildPhase;
			buildActionMask = 2147483647;
			files = (
			);
			inputFileListPaths = (
			);
			inputPaths = (
				"${PODS_PODFILE_DIR_PATH}/Podfile.lock",
				"${PODS_ROOT}/Manifest.lock",
			);
			name = "[CP] Check Pods Manifest.lock";
			outputFileListPaths = (
			);
			outputPaths = (
				"$(DERIVED_FILE_DIR)/Pods-AnimeProject-checkManifestLockResult.txt",
			);
			runOnlyForDeploymentPostprocessing = 0;
			shellPath = /bin/sh;
			shellScript = "diff \"${PODS_PODFILE_DIR_PATH}/Podfile.lock\" \"${PODS_ROOT}/Manifest.lock\" > /dev/null\nif [ $? != 0 ] ; then\n    # print error to STDERR\n    echo \"error: The sandbox is not in sync with the Podfile.lock. Run 'pod install' or update your CocoaPods installation.\" >&2\n    exit 1\nfi\n# This output is used by Xcode 'outputs' to avoid re-running this script phase.\necho \"SUCCESS\" > \"${SCRIPT_OUTPUT_FILE_0}\"\n";
			showEnvVarsInLog = 0;
		};
		89D7CDFCB29C9C8F9CC84E11 /* [CP] Embed Pods Frameworks */ = {
			isa = PBXShellScriptBuildPhase;
			buildActionMask = 2147483647;
			files = (
			);
			inputFileListPaths = (
				"${PODS_ROOT}/Target Support Files/Pods-AnimeProject/Pods-AnimeProject-frameworks-${CONFIGURATION}-input-files.xcfilelist",
			);
			name = "[CP] Embed Pods Frameworks";
			outputFileListPaths = (
				"${PODS_ROOT}/Target Support Files/Pods-AnimeProject/Pods-AnimeProject-frameworks-${CONFIGURATION}-output-files.xcfilelist",
			);
			runOnlyForDeploymentPostprocessing = 0;
			shellPath = /bin/sh;
			shellScript = "\"${PODS_ROOT}/Target Support Files/Pods-AnimeProject/Pods-AnimeProject-frameworks.sh\"\n";
			showEnvVarsInLog = 0;
		};
/* End PBXShellScriptBuildPhase section */

/* Begin PBXSourcesBuildPhase section */
		5931399B270BE62D00C5C88E /* Sources */ = {
			isa = PBXSourcesBuildPhase;
			buildActionMask = 2147483647;
			files = (
				5976755F270C0FB600A0AC8F /* ItemsTabBar.swift in Sources */,
				59767583270C1B3D00A0AC8F /* HomePresenter.swift in Sources */,
				5976757F270C1B3D00A0AC8F /* HomeInteractor.swift in Sources */,
				59767559270C0FB600A0AC8F /* UIViewController+Extension.swift in Sources */,
				5976757E270C1B3D00A0AC8F /* HomeProtocols.swift in Sources */,
				593139A7270BE62D00C5C88E /* ViewController.swift in Sources */,
				59767582270C1B3D00A0AC8F /* HomeRouter.swift in Sources */,
				593139A3270BE62D00C5C88E /* AppDelegate.swift in Sources */,
				59767580270C1B3D00A0AC8F /* HomeViewController.swift in Sources */,
				593139A5270BE62D00C5C88E /* SceneDelegate.swift in Sources */,
			);
			runOnlyForDeploymentPostprocessing = 0;
		};
/* End PBXSourcesBuildPhase section */

/* Begin PBXVariantGroup section */
		593139A8270BE62D00C5C88E /* Main.storyboard */ = {
			isa = PBXVariantGroup;
			children = (
				593139A9270BE62D00C5C88E /* Base */,
			);
			name = Main.storyboard;
			sourceTree = "<group>";
		};
		593139AD270BE62F00C5C88E /* LaunchScreen.storyboard */ = {
			isa = PBXVariantGroup;
			children = (
				593139AE270BE62F00C5C88E /* Base */,
			);
			name = LaunchScreen.storyboard;
			sourceTree = "<group>";
		};
/* End PBXVariantGroup section */

/* Begin XCBuildConfiguration section */
		593139B1270BE62F00C5C88E /* Debug */ = {
			isa = XCBuildConfiguration;
			buildSettings = {
				ALWAYS_SEARCH_USER_PATHS = NO;
				CLANG_ANALYZER_NONNULL = YES;
				CLANG_ANALYZER_NUMBER_OBJECT_CONVERSION = YES_AGGRESSIVE;
				CLANG_CXX_LANGUAGE_STANDARD = "gnu++17";
				CLANG_CXX_LIBRARY = "libc++";
				CLANG_ENABLE_MODULES = YES;
				CLANG_ENABLE_OBJC_ARC = YES;
				CLANG_ENABLE_OBJC_WEAK = YES;
				CLANG_WARN_BLOCK_CAPTURE_AUTORELEASING = YES;
				CLANG_WARN_BOOL_CONVERSION = YES;
				CLANG_WARN_COMMA = YES;
				CLANG_WARN_CONSTANT_CONVERSION = YES;
				CLANG_WARN_DEPRECATED_OBJC_IMPLEMENTATIONS = YES;
				CLANG_WARN_DIRECT_OBJC_ISA_USAGE = YES_ERROR;
				CLANG_WARN_DOCUMENTATION_COMMENTS = YES;
				CLANG_WARN_EMPTY_BODY = YES;
				CLANG_WARN_ENUM_CONVERSION = YES;
				CLANG_WARN_INFINITE_RECURSION = YES;
				CLANG_WARN_INT_CONVERSION = YES;
				CLANG_WARN_NON_LITERAL_NULL_CONVERSION = YES;
				CLANG_WARN_OBJC_IMPLICIT_RETAIN_SELF = YES;
				CLANG_WARN_OBJC_LITERAL_CONVERSION = YES;
				CLANG_WARN_OBJC_ROOT_CLASS = YES_ERROR;
				CLANG_WARN_QUOTED_INCLUDE_IN_FRAMEWORK_HEADER = YES;
				CLANG_WARN_RANGE_LOOP_ANALYSIS = YES;
				CLANG_WARN_STRICT_PROTOTYPES = YES;
				CLANG_WARN_SUSPICIOUS_MOVE = YES;
				CLANG_WARN_UNGUARDED_AVAILABILITY = YES_AGGRESSIVE;
				CLANG_WARN_UNREACHABLE_CODE = YES;
				CLANG_WARN__DUPLICATE_METHOD_MATCH = YES;
				COPY_PHASE_STRIP = NO;
				DEBUG_INFORMATION_FORMAT = dwarf;
				ENABLE_STRICT_OBJC_MSGSEND = YES;
				ENABLE_TESTABILITY = YES;
				GCC_C_LANGUAGE_STANDARD = gnu11;
				GCC_DYNAMIC_NO_PIC = NO;
				GCC_NO_COMMON_BLOCKS = YES;
				GCC_OPTIMIZATION_LEVEL = 0;
				GCC_PREPROCESSOR_DEFINITIONS = (
					"DEBUG=1",
					"$(inherited)",
				);
				GCC_WARN_64_TO_32_BIT_CONVERSION = YES;
				GCC_WARN_ABOUT_RETURN_TYPE = YES_ERROR;
				GCC_WARN_UNDECLARED_SELECTOR = YES;
				GCC_WARN_UNINITIALIZED_AUTOS = YES_AGGRESSIVE;
				GCC_WARN_UNUSED_FUNCTION = YES;
				GCC_WARN_UNUSED_VARIABLE = YES;
				IPHONEOS_DEPLOYMENT_TARGET = 15.0;
				MTL_ENABLE_DEBUG_INFO = INCLUDE_SOURCE;
				MTL_FAST_MATH = YES;
				ONLY_ACTIVE_ARCH = YES;
				SDKROOT = iphoneos;
				SWIFT_ACTIVE_COMPILATION_CONDITIONS = DEBUG;
				SWIFT_OPTIMIZATION_LEVEL = "-Onone";
			};
			name = Debug;
		};
		593139B2270BE62F00C5C88E /* Release */ = {
			isa = XCBuildConfiguration;
			buildSettings = {
				ALWAYS_SEARCH_USER_PATHS = NO;
				CLANG_ANALYZER_NONNULL = YES;
				CLANG_ANALYZER_NUMBER_OBJECT_CONVERSION = YES_AGGRESSIVE;
				CLANG_CXX_LANGUAGE_STANDARD = "gnu++17";
				CLANG_CXX_LIBRARY = "libc++";
				CLANG_ENABLE_MODULES = YES;
				CLANG_ENABLE_OBJC_ARC = YES;
				CLANG_ENABLE_OBJC_WEAK = YES;
				CLANG_WARN_BLOCK_CAPTURE_AUTORELEASING = YES;
				CLANG_WARN_BOOL_CONVERSION = YES;
				CLANG_WARN_COMMA = YES;
				CLANG_WARN_CONSTANT_CONVERSION = YES;
				CLANG_WARN_DEPRECATED_OBJC_IMPLEMENTATIONS = YES;
				CLANG_WARN_DIRECT_OBJC_ISA_USAGE = YES_ERROR;
				CLANG_WARN_DOCUMENTATION_COMMENTS = YES;
				CLANG_WARN_EMPTY_BODY = YES;
				CLANG_WARN_ENUM_CONVERSION = YES;
				CLANG_WARN_INFINITE_RECURSION = YES;
				CLANG_WARN_INT_CONVERSION = YES;
				CLANG_WARN_NON_LITERAL_NULL_CONVERSION = YES;
				CLANG_WARN_OBJC_IMPLICIT_RETAIN_SELF = YES;
				CLANG_WARN_OBJC_LITERAL_CONVERSION = YES;
				CLANG_WARN_OBJC_ROOT_CLASS = YES_ERROR;
				CLANG_WARN_QUOTED_INCLUDE_IN_FRAMEWORK_HEADER = YES;
				CLANG_WARN_RANGE_LOOP_ANALYSIS = YES;
				CLANG_WARN_STRICT_PROTOTYPES = YES;
				CLANG_WARN_SUSPICIOUS_MOVE = YES;
				CLANG_WARN_UNGUARDED_AVAILABILITY = YES_AGGRESSIVE;
				CLANG_WARN_UNREACHABLE_CODE = YES;
				CLANG_WARN__DUPLICATE_METHOD_MATCH = YES;
				COPY_PHASE_STRIP = NO;
				DEBUG_INFORMATION_FORMAT = "dwarf-with-dsym";
				ENABLE_NS_ASSERTIONS = NO;
				ENABLE_STRICT_OBJC_MSGSEND = YES;
				GCC_C_LANGUAGE_STANDARD = gnu11;
				GCC_NO_COMMON_BLOCKS = YES;
				GCC_WARN_64_TO_32_BIT_CONVERSION = YES;
				GCC_WARN_ABOUT_RETURN_TYPE = YES_ERROR;
				GCC_WARN_UNDECLARED_SELECTOR = YES;
				GCC_WARN_UNINITIALIZED_AUTOS = YES_AGGRESSIVE;
				GCC_WARN_UNUSED_FUNCTION = YES;
				GCC_WARN_UNUSED_VARIABLE = YES;
				IPHONEOS_DEPLOYMENT_TARGET = 15.0;
				MTL_ENABLE_DEBUG_INFO = NO;
				MTL_FAST_MATH = YES;
				SDKROOT = iphoneos;
				SWIFT_COMPILATION_MODE = wholemodule;
				SWIFT_OPTIMIZATION_LEVEL = "-O";
				VALIDATE_PRODUCT = YES;
			};
			name = Release;
		};
		593139B4270BE62F00C5C88E /* Debug */ = {
			isa = XCBuildConfiguration;
			baseConfigurationReference = BBBE052511C0671448B7BED4 /* Pods-AnimeProject.debug.xcconfig */;
			buildSettings = {
				ASSETCATALOG_COMPILER_APPICON_NAME = AppIcon;
				ASSETCATALOG_COMPILER_GLOBAL_ACCENT_COLOR_NAME = AccentColor;
				CODE_SIGN_STYLE = Automatic;
				CURRENT_PROJECT_VERSION = 1;
				GENERATE_INFOPLIST_FILE = YES;
				INFOPLIST_FILE = AnimeProject/Info.plist;
				INFOPLIST_KEY_UIApplicationSupportsIndirectInputEvents = YES;
				INFOPLIST_KEY_UILaunchStoryboardName = LaunchScreen;
				INFOPLIST_KEY_UIMainStoryboardFile = Main;
				INFOPLIST_KEY_UISupportedInterfaceOrientations_iPad = "UIInterfaceOrientationPortrait UIInterfaceOrientationPortraitUpsideDown UIInterfaceOrientationLandscapeLeft UIInterfaceOrientationLandscapeRight";
				INFOPLIST_KEY_UISupportedInterfaceOrientations_iPhone = "UIInterfaceOrientationPortrait UIInterfaceOrientationLandscapeLeft UIInterfaceOrientationLandscapeRight";
				LD_RUNPATH_SEARCH_PATHS = (
					"$(inherited)",
					"@executable_path/Frameworks",
				);
				MARKETING_VERSION = 1.0;
				PRODUCT_BUNDLE_IDENTIFIER = com.camilo.AnimeProject;
				PRODUCT_NAME = "$(TARGET_NAME)";
				SWIFT_EMIT_LOC_STRINGS = YES;
				SWIFT_VERSION = 5.0;
				TARGETED_DEVICE_FAMILY = "1,2";
			};
			name = Debug;
		};
		593139B5270BE62F00C5C88E /* Release */ = {
			isa = XCBuildConfiguration;
			baseConfigurationReference = E0ED7D398EEE65EB338667A1 /* Pods-AnimeProject.release.xcconfig */;
			buildSettings = {
				ASSETCATALOG_COMPILER_APPICON_NAME = AppIcon;
				ASSETCATALOG_COMPILER_GLOBAL_ACCENT_COLOR_NAME = AccentColor;
				CODE_SIGN_STYLE = Automatic;
				CURRENT_PROJECT_VERSION = 1;
				GENERATE_INFOPLIST_FILE = YES;
				INFOPLIST_FILE = AnimeProject/Info.plist;
				INFOPLIST_KEY_UIApplicationSupportsIndirectInputEvents = YES;
				INFOPLIST_KEY_UILaunchStoryboardName = LaunchScreen;
				INFOPLIST_KEY_UIMainStoryboardFile = Main;
				INFOPLIST_KEY_UISupportedInterfaceOrientations_iPad = "UIInterfaceOrientationPortrait UIInterfaceOrientationPortraitUpsideDown UIInterfaceOrientationLandscapeLeft UIInterfaceOrientationLandscapeRight";
				INFOPLIST_KEY_UISupportedInterfaceOrientations_iPhone = "UIInterfaceOrientationPortrait UIInterfaceOrientationLandscapeLeft UIInterfaceOrientationLandscapeRight";
				LD_RUNPATH_SEARCH_PATHS = (
					"$(inherited)",
					"@executable_path/Frameworks",
				);
				MARKETING_VERSION = 1.0;
				PRODUCT_BUNDLE_IDENTIFIER = com.camilo.AnimeProject;
				PRODUCT_NAME = "$(TARGET_NAME)";
				SWIFT_EMIT_LOC_STRINGS = YES;
				SWIFT_VERSION = 5.0;
				TARGETED_DEVICE_FAMILY = "1,2";
			};
			name = Release;
		};
/* End XCBuildConfiguration section */

/* Begin XCConfigurationList section */
		5931399A270BE62D00C5C88E /* Build configuration list for PBXProject "AnimeProject" */ = {
			isa = XCConfigurationList;
			buildConfigurations = (
				593139B1270BE62F00C5C88E /* Debug */,
				593139B2270BE62F00C5C88E /* Release */,
			);
			defaultConfigurationIsVisible = 0;
			defaultConfigurationName = Release;
		};
		593139B3270BE62F00C5C88E /* Build configuration list for PBXNativeTarget "AnimeProject" */ = {
			isa = XCConfigurationList;
			buildConfigurations = (
				593139B4270BE62F00C5C88E /* Debug */,
				593139B5270BE62F00C5C88E /* Release */,
			);
			defaultConfigurationIsVisible = 0;
			defaultConfigurationName = Release;
		};
/* End XCConfigurationList section */
	};
	rootObject = 59313997270BE62D00C5C88E /* Project object */;
}
